// !$*UTF8*$!
{
	archiveVersion = 1;
	classes = {
	};
	objectVersion = 50;
	objects = {

/* Begin PBXBuildFile section */
		B1B1E7D823E8996A00F3BCD7 /* AppDelegate.m in Sources */ = {isa = PBXBuildFile; fileRef = B1B1E7D723E8996A00F3BCD7 /* AppDelegate.m */; };
		B1B1E7DB23E8996A00F3BCD7 /* SceneDelegate.m in Sources */ = {isa = PBXBuildFile; fileRef = B1B1E7DA23E8996A00F3BCD7 /* SceneDelegate.m */; };
		B1B1E7E123E8996A00F3BCD7 /* Main.storyboard in Resources */ = {isa = PBXBuildFile; fileRef = B1B1E7DF23E8996A00F3BCD7 /* Main.storyboard */; };
		B1B1E7E323E8996C00F3BCD7 /* Assets.xcassets in Resources */ = {isa = PBXBuildFile; fileRef = B1B1E7E223E8996C00F3BCD7 /* Assets.xcassets */; };
		B1B1E7E623E8996C00F3BCD7 /* LaunchScreen.storyboard in Resources */ = {isa = PBXBuildFile; fileRef = B1B1E7E423E8996C00F3BCD7 /* LaunchScreen.storyboard */; };
		B1B1E7E923E8996C00F3BCD7 /* main.m in Sources */ = {isa = PBXBuildFile; fileRef = B1B1E7E823E8996C00F3BCD7 /* main.m */; };
		B1B1E7F323E8996D00F3BCD7 /* staticCellsTests.m in Sources */ = {isa = PBXBuildFile; fileRef = B1B1E7F223E8996D00F3BCD7 /* staticCellsTests.m */; };
		B1B1E7FE23E8996D00F3BCD7 /* staticCellsUITests.m in Sources */ = {isa = PBXBuildFile; fileRef = B1B1E7FD23E8996D00F3BCD7 /* staticCellsUITests.m */; };
		B1B1E80D23E89A6500F3BCD7 /* SettingsViewController.m in Sources */ = {isa = PBXBuildFile; fileRef = B1B1E80C23E89A6500F3BCD7 /* SettingsViewController.m */; };
/* End PBXBuildFile section */

/* Begin PBXContainerItemProxy section */
		B1B1E7EF23E8996D00F3BCD7 /* PBXContainerItemProxy */ = {
			isa = PBXContainerItemProxy;
			containerPortal = B1B1E7CB23E8996A00F3BCD7 /* Project object */;
			proxyType = 1;
			remoteGlobalIDString = B1B1E7D223E8996A00F3BCD7;
			remoteInfo = staticCells;
		};
		B1B1E7FA23E8996D00F3BCD7 /* PBXContainerItemProxy */ = {
			isa = PBXContainerItemProxy;
			containerPortal = B1B1E7CB23E8996A00F3BCD7 /* Project object */;
			proxyType = 1;
			remoteGlobalIDString = B1B1E7D223E8996A00F3BCD7;
			remoteInfo = staticCells;
		};
/* End PBXContainerItemProxy section */

/* Begin PBXFileReference section */
		B1B1E7D323E8996A00F3BCD7 /* staticCells.app */ = {isa = PBXFileReference; explicitFileType = wrapper.application; includeInIndex = 0; path = staticCells.app; sourceTree = BUILT_PRODUCTS_DIR; };
		B1B1E7D623E8996A00F3BCD7 /* AppDelegate.h */ = {isa = PBXFileReference; lastKnownFileType = sourcecode.c.h; path = AppDelegate.h; sourceTree = "<group>"; };
		B1B1E7D723E8996A00F3BCD7 /* AppDelegate.m */ = {isa = PBXFileReference; lastKnownFileType = sourcecode.c.objc; path = AppDelegate.m; sourceTree = "<group>"; };
		B1B1E7D923E8996A00F3BCD7 /* SceneDelegate.h */ = {isa = PBXFileReference; lastKnownFileType = sourcecode.c.h; path = SceneDelegate.h; sourceTree = "<group>"; };
		B1B1E7DA23E8996A00F3BCD7 /* SceneDelegate.m */ = {isa = PBXFileReference; lastKnownFileType = sourcecode.c.objc; path = SceneDelegate.m; sourceTree = "<group>"; };
		B1B1E7E023E8996A00F3BCD7 /* Base */ = {isa = PBXFileReference; lastKnownFileType = file.storyboard; name = Base; path = Base.lproj/Main.storyboard; sourceTree = "<group>"; };
		B1B1E7E223E8996C00F3BCD7 /* Assets.xcassets */ = {isa = PBXFileReference; lastKnownFileType = folder.assetcatalog; path = Assets.xcassets; sourceTree = "<group>"; };
		B1B1E7E523E8996C00F3BCD7 /* Base */ = {isa = PBXFileReference; lastKnownFileType = file.storyboard; name = Base; path = Base.lproj/LaunchScreen.storyboard; sourceTree = "<group>"; };
		B1B1E7E723E8996C00F3BCD7 /* Info.plist */ = {isa = PBXFileReference; lastKnownFileType = text.plist.xml; path = Info.plist; sourceTree = "<group>"; };
		B1B1E7E823E8996C00F3BCD7 /* main.m */ = {isa = PBXFileReference; lastKnownFileType = sourcecode.c.objc; path = main.m; sourceTree = "<group>"; };
		B1B1E7EE23E8996D00F3BCD7 /* staticCellsTests.xctest */ = {isa = PBXFileReference; explicitFileType = wrapper.cfbundle; includeInIndex = 0; path = staticCellsTests.xctest; sourceTree = BUILT_PRODUCTS_DIR; };
		B1B1E7F223E8996D00F3BCD7 /* staticCellsTests.m */ = {isa = PBXFileReference; lastKnownFileType = sourcecode.c.objc; path = staticCellsTests.m; sourceTree = "<group>"; };
		B1B1E7F423E8996D00F3BCD7 /* Info.plist */ = {isa = PBXFileReference; lastKnownFileType = text.plist.xml; path = Info.plist; sourceTree = "<group>"; };
		B1B1E7F923E8996D00F3BCD7 /* staticCellsUITests.xctest */ = {isa = PBXFileReference; explicitFileType = wrapper.cfbundle; includeInIndex = 0; path = staticCellsUITests.xctest; sourceTree = BUILT_PRODUCTS_DIR; };
		B1B1E7FD23E8996D00F3BCD7 /* staticCellsUITests.m */ = {isa = PBXFileReference; lastKnownFileType = sourcecode.c.objc; path = staticCellsUITests.m; sourceTree = "<group>"; };
		B1B1E7FF23E8996D00F3BCD7 /* Info.plist */ = {isa = PBXFileReference; lastKnownFileType = text.plist.xml; path = Info.plist; sourceTree = "<group>"; };
		B1B1E80B23E89A6500F3BCD7 /* SettingsViewController.h */ = {isa = PBXFileReference; lastKnownFileType = sourcecode.c.h; path = SettingsViewController.h; sourceTree = "<group>"; };
		B1B1E80C23E89A6500F3BCD7 /* SettingsViewController.m */ = {isa = PBXFileReference; lastKnownFileType = sourcecode.c.objc; path = SettingsViewController.m; sourceTree = "<group>"; };
/* End PBXFileReference section */

/* Begin PBXFrameworksBuildPhase section */
		B1B1E7D023E8996A00F3BCD7 /* Frameworks */ = {
			isa = PBXFrameworksBuildPhase;
			buildActionMask = 2147483647;
			files = (
			);
			runOnlyForDeploymentPostprocessing = 0;
		};
		B1B1E7EB23E8996D00F3BCD7 /* Frameworks */ = {
			isa = PBXFrameworksBuildPhase;
			buildActionMask = 2147483647;
			files = (
			);
			runOnlyForDeploymentPostprocessing = 0;
		};
		B1B1E7F623E8996D00F3BCD7 /* Frameworks */ = {
			isa = PBXFrameworksBuildPhase;
			buildActionMask = 2147483647;
			files = (
			);
			runOnlyForDeploymentPostprocessing = 0;
		};
/* End PBXFrameworksBuildPhase section */

/* Begin PBXGroup section */
		B1B1E7CA23E8996A00F3BCD7 = {
			isa = PBXGroup;
			children = (
				B1B1E7D523E8996A00F3BCD7 /* staticCells */,
				B1B1E7F123E8996D00F3BCD7 /* staticCellsTests */,
				B1B1E7FC23E8996D00F3BCD7 /* staticCellsUITests */,
				B1B1E7D423E8996A00F3BCD7 /* Products */,
			);
			sourceTree = "<group>";
		};
		B1B1E7D423E8996A00F3BCD7 /* Products */ = {
			isa = PBXGroup;
			children = (
				B1B1E7D323E8996A00F3BCD7 /* staticCells.app */,
				B1B1E7EE23E8996D00F3BCD7 /* staticCellsTests.xctest */,
				B1B1E7F923E8996D00F3BCD7 /* staticCellsUITests.xctest */,
			);
			name = Products;
			sourceTree = "<group>";
		};
		B1B1E7D523E8996A00F3BCD7 /* staticCells */ = {
			isa = PBXGroup;
			children = (
				B1B1E7D623E8996A00F3BCD7 /* AppDelegate.h */,
				B1B1E7D723E8996A00F3BCD7 /* AppDelegate.m */,
				B1B1E7D923E8996A00F3BCD7 /* SceneDelegate.h */,
				B1B1E7DA23E8996A00F3BCD7 /* SceneDelegate.m */,
				B1B1E7DF23E8996A00F3BCD7 /* Main.storyboard */,
				B1B1E7E223E8996C00F3BCD7 /* Assets.xcassets */,
				B1B1E7E423E8996C00F3BCD7 /* LaunchScreen.storyboard */,
				B1B1E7E723E8996C00F3BCD7 /* Info.plist */,
				B1B1E7E823E8996C00F3BCD7 /* main.m */,
				B1B1E80B23E89A6500F3BCD7 /* SettingsViewController.h */,
				B1B1E80C23E89A6500F3BCD7 /* SettingsViewController.m */,
			);
			path = staticCells;
			sourceTree = "<group>";
		};
		B1B1E7F123E8996D00F3BCD7 /* staticCellsTests */ = {
			isa = PBXGroup;
			children = (
				B1B1E7F223E8996D00F3BCD7 /* staticCellsTests.m */,
				B1B1E7F423E8996D00F3BCD7 /* Info.plist */,
			);
			path = staticCellsTests;
			sourceTree = "<group>";
		};
		B1B1E7FC23E8996D00F3BCD7 /* staticCellsUITests */ = {
			isa = PBXGroup;
			children = (
				B1B1E7FD23E8996D00F3BCD7 /* staticCellsUITests.m */,
				B1B1E7FF23E8996D00F3BCD7 /* Info.plist */,
			);
			path = staticCellsUITests;
			sourceTree = "<group>";
		};
/* End PBXGroup section */

/* Begin PBXNativeTarget section */
		B1B1E7D223E8996A00F3BCD7 /* staticCells */ = {
			isa = PBXNativeTarget;
			buildConfigurationList = B1B1E80223E8996D00F3BCD7 /* Build configuration list for PBXNativeTarget "staticCells" */;
			buildPhases = (
				B1B1E7CF23E8996A00F3BCD7 /* Sources */,
				B1B1E7D023E8996A00F3BCD7 /* Frameworks */,
				B1B1E7D123E8996A00F3BCD7 /* Resources */,
			);
			buildRules = (
			);
			dependencies = (
			);
			name = staticCells;
			productName = staticCells;
			productReference = B1B1E7D323E8996A00F3BCD7 /* staticCells.app */;
			productType = "com.apple.product-type.application";
		};
		B1B1E7ED23E8996D00F3BCD7 /* staticCellsTests */ = {
			isa = PBXNativeTarget;
			buildConfigurationList = B1B1E80523E8996D00F3BCD7 /* Build configuration list for PBXNativeTarget "staticCellsTests" */;
			buildPhases = (
				B1B1E7EA23E8996D00F3BCD7 /* Sources */,
				B1B1E7EB23E8996D00F3BCD7 /* Frameworks */,
				B1B1E7EC23E8996D00F3BCD7 /* Resources */,
			);
			buildRules = (
			);
			dependencies = (
				B1B1E7F023E8996D00F3BCD7 /* PBXTargetDependency */,
			);
			name = staticCellsTests;
			productName = staticCellsTests;
			productReference = B1B1E7EE23E8996D00F3BCD7 /* staticCellsTests.xctest */;
			productType = "com.apple.product-type.bundle.unit-test";
		};
		B1B1E7F823E8996D00F3BCD7 /* staticCellsUITests */ = {
			isa = PBXNativeTarget;
			buildConfigurationList = B1B1E80823E8996D00F3BCD7 /* Build configuration list for PBXNativeTarget "staticCellsUITests" */;
			buildPhases = (
				B1B1E7F523E8996D00F3BCD7 /* Sources */,
				B1B1E7F623E8996D00F3BCD7 /* Frameworks */,
				B1B1E7F723E8996D00F3BCD7 /* Resources */,
			);
			buildRules = (
			);
			dependencies = (
				B1B1E7FB23E8996D00F3BCD7 /* PBXTargetDependency */,
			);
			name = staticCellsUITests;
			productName = staticCellsUITests;
			productReference = B1B1E7F923E8996D00F3BCD7 /* staticCellsUITests.xctest */;
			productType = "com.apple.product-type.bundle.ui-testing";
		};
/* End PBXNativeTarget section */

/* Begin PBXProject section */
		B1B1E7CB23E8996A00F3BCD7 /* Project object */ = {
			isa = PBXProject;
			attributes = {
				LastUpgradeCheck = 1110;
				ORGANIZATIONNAME = com.kluv.hw24;
				TargetAttributes = {
					B1B1E7D223E8996A00F3BCD7 = {
						CreatedOnToolsVersion = 11.1;
					};
					B1B1E7ED23E8996D00F3BCD7 = {
						CreatedOnToolsVersion = 11.1;
						TestTargetID = B1B1E7D223E8996A00F3BCD7;
					};
					B1B1E7F823E8996D00F3BCD7 = {
						CreatedOnToolsVersion = 11.1;
						TestTargetID = B1B1E7D223E8996A00F3BCD7;
					};
				};
			};
			buildConfigurationList = B1B1E7CE23E8996A00F3BCD7 /* Build configuration list for PBXProject "staticCells" */;
			compatibilityVersion = "Xcode 9.3";
			developmentRegion = en;
			hasScannedForEncodings = 0;
			knownRegions = (
				en,
				Base,
			);
			mainGroup = B1B1E7CA23E8996A00F3BCD7;
			productRefGroup = B1B1E7D423E8996A00F3BCD7 /* Products */;
			projectDirPath = "";
			projectRoot = "";
			targets = (
				B1B1E7D223E8996A00F3BCD7 /* staticCells */,
				B1B1E7ED23E8996D00F3BCD7 /* staticCellsTests */,
				B1B1E7F823E8996D00F3BCD7 /* staticCellsUITests */,
			);
		};
/* End PBXProject section */

/* Begin PBXResourcesBuildPhase section */
		B1B1E7D123E8996A00F3BCD7 /* Resources */ = {
			isa = PBXResourcesBuildPhase;
			buildActionMask = 2147483647;
			files = (
				B1B1E7E623E8996C00F3BCD7 /* LaunchScreen.storyboard in Resources */,
				B1B1E7E323E8996C00F3BCD7 /* Assets.xcassets in Resources */,
				B1B1E7E123E8996A00F3BCD7 /* Main.storyboard in Resources */,
			);
			runOnlyForDeploymentPostprocessing = 0;
		};
		B1B1E7EC23E8996D00F3BCD7 /* Resources */ = {
			isa = PBXResourcesBuildPhase;
			buildActionMask = 2147483647;
			files = (
			);
			runOnlyForDeploymentPostprocessing = 0;
		};
		B1B1E7F723E8996D00F3BCD7 /* Resources */ = {
			isa = PBXResourcesBuildPhase;
			buildActionMask = 2147483647;
			files = (
			);
			runOnlyForDeploymentPostprocessing = 0;
		};
/* End PBXResourcesBuildPhase section */

/* Begin PBXSourcesBuildPhase section */
		B1B1E7CF23E8996A00F3BCD7 /* Sources */ = {
			isa = PBXSourcesBuildPhase;
			buildActionMask = 2147483647;
			files = (
				B1B1E7D823E8996A00F3BCD7 /* AppDelegate.m in Sources */,
				B1B1E7E923E8996C00F3BCD7 /* main.m in Sources */,
				B1B1E7DB23E8996A00F3BCD7 /* SceneDelegate.m in Sources */,
				B1B1E80D23E89A6500F3BCD7 /* SettingsViewController.m in Sources */,
			);
			runOnlyForDeploymentPostprocessing = 0;
		};
		B1B1E7EA23E8996D00F3BCD7 /* Sources */ = {
			isa = PBXSourcesBuildPhase;
			buildActionMask = 2147483647;
			files = (
				B1B1E7F323E8996D00F3BCD7 /* staticCellsTests.m in Sources */,
			);
			runOnlyForDeploymentPostprocessing = 0;
		};
		B1B1E7F523E8996D00F3BCD7 /* Sources */ = {
			isa = PBXSourcesBuildPhase;
			buildActionMask = 2147483647;
			files = (
				B1B1E7FE23E8996D00F3BCD7 /* staticCellsUITests.m in Sources */,
			);
			runOnlyForDeploymentPostprocessing = 0;
		};
/* End PBXSourcesBuildPhase section */

/* Begin PBXTargetDependency section */
		B1B1E7F023E8996D00F3BCD7 /* PBXTargetDependency */ = {
			isa = PBXTargetDependency;
			target = B1B1E7D223E8996A00F3BCD7 /* staticCells */;
			targetProxy = B1B1E7EF23E8996D00F3BCD7 /* PBXContainerItemProxy */;
		};
		B1B1E7FB23E8996D00F3BCD7 /* PBXTargetDependency */ = {
			isa = PBXTargetDependency;
			target = B1B1E7D223E8996A00F3BCD7 /* staticCells */;
			targetProxy = B1B1E7FA23E8996D00F3BCD7 /* PBXContainerItemProxy */;
		};
/* End PBXTargetDependency section */

/* Begin PBXVariantGroup section */
		B1B1E7DF23E8996A00F3BCD7 /* Main.storyboard */ = {
			isa = PBXVariantGroup;
			children = (
				B1B1E7E023E8996A00F3BCD7 /* Base */,
			);
			name = Main.storyboard;
			sourceTree = "<group>";
		};
		B1B1E7E423E8996C00F3BCD7 /* LaunchScreen.storyboard */ = {
			isa = PBXVariantGroup;
			children = (
				B1B1E7E523E8996C00F3BCD7 /* Base */,
			);
			name = LaunchScreen.storyboard;
			sourceTree = "<group>";
		};
/* End PBXVariantGroup section */

/* Begin XCBuildConfiguration section */
		B1B1E80023E8996D00F3BCD7 /* Debug */ = {
			isa = XCBuildConfiguration;
			buildSettings = {
				ALWAYS_SEARCH_USER_PATHS = NO;
				CLANG_ANALYZER_NONNULL = YES;
				CLANG_ANALYZER_NUMBER_OBJECT_CONVERSION = YES_AGGRESSIVE;
				CLANG_CXX_LANGUAGE_STANDARD = "gnu++14";
				CLANG_CXX_LIBRARY = "libc++";
				CLANG_ENABLE_MODULES = YES;
				CLANG_ENABLE_OBJC_ARC = YES;
				CLANG_ENABLE_OBJC_WEAK = YES;
				CLANG_WARN_BLOCK_CAPTURE_AUTORELEASING = YES;
				CLANG_WARN_BOOL_CONVERSION = YES;
				CLANG_WARN_COMMA = YES;
				CLANG_WARN_CONSTANT_CONVERSION = YES;
				CLANG_WARN_DEPRECATED_OBJC_IMPLEMENTATIONS = YES;
				CLANG_WARN_DIRECT_OBJC_ISA_USAGE = YES_ERROR;
				CLANG_WARN_DOCUMENTATION_COMMENTS = YES;
				CLANG_WARN_EMPTY_BODY = YES;
				CLANG_WARN_ENUM_CONVERSION = YES;
				CLANG_WARN_INFINITE_RECURSION = YES;
				CLANG_WARN_INT_CONVERSION = YES;
				CLANG_WARN_NON_LITERAL_NULL_CONVERSION = YES;
				CLANG_WARN_OBJC_IMPLICIT_RETAIN_SELF = YES;
				CLANG_WARN_OBJC_LITERAL_CONVERSION = YES;
				CLANG_WARN_OBJC_ROOT_CLASS = YES_ERROR;
				CLANG_WARN_RANGE_LOOP_ANALYSIS = YES;
				CLANG_WARN_STRICT_PROTOTYPES = YES;
				CLANG_WARN_SUSPICIOUS_MOVE = YES;
				CLANG_WARN_UNGUARDED_AVAILABILITY = YES_AGGRESSIVE;
				CLANG_WARN_UNREACHABLE_CODE = YES;
				CLANG_WARN__DUPLICATE_METHOD_MATCH = YES;
				COPY_PHASE_STRIP = NO;
				DEBUG_INFORMATION_FORMAT = dwarf;
				ENABLE_STRICT_OBJC_MSGSEND = YES;
				ENABLE_TESTABILITY = YES;
				GCC_C_LANGUAGE_STANDARD = gnu11;
				GCC_DYNAMIC_NO_PIC = NO;
				GCC_NO_COMMON_BLOCKS = YES;
				GCC_OPTIMIZATION_LEVEL = 0;
				GCC_PREPROCESSOR_DEFINITIONS = (
					"DEBUG=1",
					"$(inherited)",
				);
				GCC_WARN_64_TO_32_BIT_CONVERSION = YES;
				GCC_WARN_ABOUT_RETURN_TYPE = YES_ERROR;
				GCC_WARN_UNDECLARED_SELECTOR = YES;
				GCC_WARN_UNINITIALIZED_AUTOS = YES_AGGRESSIVE;
				GCC_WARN_UNUSED_FUNCTION = YES;
				GCC_WARN_UNUSED_VARIABLE = YES;
				IPHONEOS_DEPLOYMENT_TARGET = 13.1;
				MTL_ENABLE_DEBUG_INFO = INCLUDE_SOURCE;
				MTL_FAST_MATH = YES;
				ONLY_ACTIVE_ARCH = YES;
				SDKROOT = iphoneos;
			};
			name = Debug;
		};
		B1B1E80123E8996D00F3BCD7 /* Release */ = {
			isa = XCBuildConfiguration;
			buildSettings = {
				ALWAYS_SEARCH_USER_PATHS = NO;
				CLANG_ANALYZER_NONNULL = YES;
				CLANG_ANALYZER_NUMBER_OBJECT_CONVERSION = YES_AGGRESSIVE;
				CLANG_CXX_LANGUAGE_STANDARD = "gnu++14";
				CLANG_CXX_LIBRARY = "libc++";
				CLANG_ENABLE_MODULES = YES;
				CLANG_ENABLE_OBJC_ARC = YES;
				CLANG_ENABLE_OBJC_WEAK = YES;
				CLANG_WARN_BLOCK_CAPTURE_AUTORELEASING = YES;
				CLANG_WARN_BOOL_CONVERSION = YES;
				CLANG_WARN_COMMA = YES;
				CLANG_WARN_CONSTANT_CONVERSION = YES;
				CLANG_WARN_DEPRECATED_OBJC_IMPLEMENTATIONS = YES;
				CLANG_WARN_DIRECT_OBJC_ISA_USAGE = YES_ERROR;
				CLANG_WARN_DOCUMENTATION_COMMENTS = YES;
				CLANG_WARN_EMPTY_BODY = YES;
				CLANG_WARN_ENUM_CONVERSION = YES;
				CLANG_WARN_INFINITE_RECURSION = YES;
				CLANG_WARN_INT_CONVERSION = YES;
				CLANG_WARN_NON_LITERAL_NULL_CONVERSION = YES;
				CLANG_WARN_OBJC_IMPLICIT_RETAIN_SELF = YES;
				CLANG_WARN_OBJC_LITERAL_CONVERSION = YES;
				CLANG_WARN_OBJC_ROOT_CLASS = YES_ERROR;
				CLANG_WARN_RANGE_LOOP_ANALYSIS = YES;
				CLANG_WARN_STRICT_PROTOTYPES = YES;
				CLANG_WARN_SUSPICIOUS_MOVE = YES;
				CLANG_WARN_UNGUARDED_AVAILABILITY = YES_AGGRESSIVE;
				CLANG_WARN_UNREACHABLE_CODE = YES;
				CLANG_WARN__DUPLICATE_METHOD_MATCH = YES;
				COPY_PHASE_STRIP = NO;
				DEBUG_INFORMATION_FORMAT = "dwarf-with-dsym";
				ENABLE_NS_ASSERTIONS = NO;
				ENABLE_STRICT_OBJC_MSGSEND = YES;
				GCC_C_LANGUAGE_STANDARD = gnu11;
				GCC_NO_COMMON_BLOCKS = YES;
				GCC_WARN_64_TO_32_BIT_CONVERSION = YES;
				GCC_WARN_ABOUT_RETURN_TYPE = YES_ERROR;
				GCC_WARN_UNDECLARED_SELECTOR = YES;
				GCC_WARN_UNINITIALIZED_AUTOS = YES_AGGRESSIVE;
				GCC_WARN_UNUSED_FUNCTION = YES;
				GCC_WARN_UNUSED_VARIABLE = YES;
				IPHONEOS_DEPLOYMENT_TARGET = 13.1;
				MTL_ENABLE_DEBUG_INFO = NO;
				MTL_FAST_MATH = YES;
				SDKROOT = iphoneos;
				VALIDATE_PRODUCT = YES;
			};
			name = Release;
		};
		B1B1E80323E8996D00F3BCD7 /* Debug */ = {
			isa = XCBuildConfiguration;
			buildSettings = {
				ASSETCATALOG_COMPILER_APPICON_NAME = AppIcon;
				CODE_SIGN_STYLE = Automatic;
				DEVELOPMENT_TEAM = DUBTL9M98H;
				INFOPLIST_FILE = staticCells/Info.plist;
				LD_RUNPATH_SEARCH_PATHS = (
					"$(inherited)",
					"@executable_path/Frameworks",
				);
				PRODUCT_BUNDLE_IDENTIFIER = itotdel.kluv.staticCells;
				PRODUCT_NAME = "$(TARGET_NAME)";
				TARGETED_DEVICE_FAMILY = "1,2";
			};
			name = Debug;
		};
		B1B1E80423E8996D00F3BCD7 /* Release */ = {
			isa = XCBuildConfiguration;
			buildSettings = {
				ASSETCATALOG_COMPILER_APPICON_NAME = AppIcon;
				CODE_SIGN_STYLE = Automatic;
				DEVELOPMENT_TEAM = DUBTL9M98H;
				INFOPLIST_FILE = staticCells/Info.plist;
				LD_RUNPATH_SEARCH_PATHS = (
					"$(inherited)",
					"@executable_path/Frameworks",
				);
				PRODUCT_BUNDLE_IDENTIFIER = itotdel.kluv.staticCells;
				PRODUCT_NAME = "$(TARGET_NAME)";
				TARGETED_DEVICE_FAMILY = "1,2";
			};
			name = Release;
		};
		B1B1E80623E8996D00F3BCD7 /* Debug */ = {
			isa = XCBuildConfiguration;
			buildSettings = {
				BUNDLE_LOADER = "$(TEST_HOST)";
				CODE_SIGN_STYLE = Automatic;
				DEVELOPMENT_TEAM = DUBTL9M98H;
				INFOPLIST_FILE = staticCellsTests/Info.plist;
				IPHONEOS_DEPLOYMENT_TARGET = 13.1;
				LD_RUNPATH_SEARCH_PATHS = (
					"$(inherited)",
					"@executable_path/Frameworks",
					"@loader_path/Frameworks",
				);
				PRODUCT_BUNDLE_IDENTIFIER = itotdel.kluv.staticCellsTests;
				PRODUCT_NAME = "$(TARGET_NAME)";
				TARGETED_DEVICE_FAMILY = "1,2";
				TEST_HOST = "$(BUILT_PRODUCTS_DIR)/staticCells.app/staticCells";
			};
			name = Debug;
		};
		B1B1E80723E8996D00F3BCD7 /* Release */ = {
			isa = XCBuildConfiguration;
			buildSettings = {
				BUNDLE_LOADER = "$(TEST_HOST)";
				CODE_SIGN_STYLE = Automatic;
				DEVELOPMENT_TEAM = DUBTL9M98H;
				INFOPLIST_FILE = staticCellsTests/Info.plist;
				IPHONEOS_DEPLOYMENT_TARGET = 13.1;
				LD_RUNPATH_SEARCH_PATHS = (
					"$(inherited)",
					"@executable_path/Frameworks",
					"@loader_path/Frameworks",
				);
				PRODUCT_BUNDLE_IDENTIFIER = itotdel.kluv.staticCellsTests;
				PRODUCT_NAME = "$(TARGET_NAME)";
				TARGETED_DEVICE_FAMILY = "1,2";
				TEST_HOST = "$(BUILT_PRODUCTS_DIR)/staticCells.app/staticCells";
			};
			name = Release;
		};
		B1B1E80923E8996D00F3BCD7 /* Debug */ = {
			isa = XCBuildConfiguration;
			buildSettings = {
				CODE_SIGN_STYLE = Automatic;
				DEVELOPMENT_TEAM = DUBTL9M98H;
				INFOPLIST_FILE = staticCellsUITests/Info.plist;
				LD_RUNPATH_SEARCH_PATHS = (
					"$(inherited)",
					"@executable_path/Frameworks",
					"@loader_path/Frameworks",
				);
				PRODUCT_BUNDLE_IDENTIFIER = itotdel.kluv.staticCellsUITests;
				PRODUCT_NAME = "$(TARGET_NAME)";
				TARGETED_DEVICE_FAMILY = "1,2";
				TEST_TARGET_NAME = staticCells;
			};
			name = Debug;
		};
		B1B1E80A23E8996D00F3BCD7 /* Release */ = {
			isa = XCBuildConfiguration;
			buildSettings = {
				CODE_SIGN_STYLE = Automatic;
				DEVELOPMENT_TEAM = DUBTL9M98H;
				INFOPLIST_FILE = staticCellsUITests/Info.plist;
				LD_RUNPATH_SEARCH_PATHS = (
					"$(inherited)",
					"@executable_path/Frameworks",
					"@loader_path/Frameworks",
				);
				PRODUCT_BUNDLE_IDENTIFIER = itotdel.kluv.staticCellsUITests;
				PRODUCT_NAME = "$(TARGET_NAME)";
				TARGETED_DEVICE_FAMILY = "1,2";
				TEST_TARGET_NAME = staticCells;
			};
			name = Release;
		};
/* End XCBuildConfiguration section */

/* Begin XCConfigurationList section */
		B1B1E7CE23E8996A00F3BCD7 /* Build configuration list for PBXProject "staticCells" */ = {
			isa = XCConfigurationList;
			buildConfigurations = (
				B1B1E80023E8996D00F3BCD7 /* Debug */,
				B1B1E80123E8996D00F3BCD7 /* Release */,
			);
			defaultConfigurationIsVisible = 0;
			defaultConfigurationName = Release;
		};
		B1B1E80223E8996D00F3BCD7 /* Build configuration list for PBXNativeTarget "staticCells" */ = {
			isa = XCConfigurationList;
			buildConfigurations = (
				B1B1E80323E8996D00F3BCD7 /* Debug */,
				B1B1E80423E8996D00F3BCD7 /* Release */,
			);
			defaultConfigurationIsVisible = 0;
			defaultConfigurationName = Release;
		};
		B1B1E80523E8996D00F3BCD7 /* Build configuration list for PBXNativeTarget "staticCellsTests" */ = {
			isa = XCConfigurationList;
			buildConfigurations = (
				B1B1E80623E8996D00F3BCD7 /* Debug */,
				B1B1E80723E8996D00F3BCD7 /* Release */,
			);
			defaultConfigurationIsVisible = 0;
			defaultConfigurationName = Release;
		};
		B1B1E80823E8996D00F3BCD7 /* Build configuration list for PBXNativeTarget "staticCellsUITests" */ = {
			isa = XCConfigurationList;
			buildConfigurations = (
				B1B1E80923E8996D00F3BCD7 /* Debug */,
				B1B1E80A23E8996D00F3BCD7 /* Release */,
			);
			defaultConfigurationIsVisible = 0;
			defaultConfigurationName = Release;
		};
/* End XCConfigurationList section */
	};
	rootObject = B1B1E7CB23E8996A00F3BCD7 /* Project object */;
}
